
Microsoft Visual Studio Solution File, Format Version 12.00
Project("{FAE04EC0-301F-11D3-BF4B-00C04F79EFBC}") = "TooFast.BackEnd", "src\TooFast.BackEnd\TooFast.BackEnd.csproj", "{1FD35C18-9C54-4BF8-BDC4-AE2839E2D67D}"
EndProject
Project("{FAE04EC0-301F-11D3-BF4B-00C04F79EFBC}") = "TooFast.FrontEnd", "src\TooFast.FrontEnd\TooFast.FrontEnd.csproj", "{5813A452-3A3B-4CDD-A610-86EA7A1F3D00}"
EndProject
Project("{FAE04EC0-301F-11D3-BF4B-00C04F79EFBC}") = "TooFast.Contracts", "src\TooFast.Contracts\TooFast.Contracts.csproj", "{BB822E27-BF82-4642-AC31-8DE94029B2A2}"
EndProject
Project("{FAE04EC0-301F-11D3-BF4B-00C04F79EFBC}") = "TooFast.Client", "src\TooFast.Client\TooFast.Client.csproj", "{B0ABD810-4751-479D-8431-AA10A3AC004A}"
EndProject
Global
	GlobalSection(SolutionConfigurationPlatforms) = preSolution
		Debug|Any CPU = Debug|Any CPU
		Release|Any CPU = Release|Any CPU
	EndGlobalSection
	GlobalSection(ProjectConfigurationPlatforms) = postSolution
		{1FD35C18-9C54-4BF8-BDC4-AE2839E2D67D}.Debug|Any CPU.ActiveCfg = Debug|Any CPU
		{1FD35C18-9C54-4BF8-BDC4-AE2839E2D67D}.Debug|Any CPU.Build.0 = Debug|Any CPU
		{1FD35C18-9C54-4BF8-BDC4-AE2839E2D67D}.Release|Any CPU.ActiveCfg = Release|Any CPU
		{1FD35C18-9C54-4BF8-BDC4-AE2839E2D67D}.Release|Any CPU.Build.0 = Release|Any CPU
		{5813A452-3A3B-4CDD-A610-86EA7A1F3D00}.Debug|Any CPU.ActiveCfg = Debug|Any CPU
		{5813A452-3A3B-4CDD-A610-86EA7A1F3D00}.Debug|Any CPU.Build.0 = Debug|Any CPU
		{5813A452-3A3B-4CDD-A610-86EA7A1F3D00}.Release|Any CPU.ActiveCfg = Release|Any CPU
		{5813A452-3A3B-4CDD-A610-86EA7A1F3D00}.Release|Any CPU.Build.0 = Release|Any CPU
		{BB822E27-BF82-4642-AC31-8DE94029B2A2}.Debug|Any CPU.ActiveCfg = Debug|Any CPU
		{BB822E27-BF82-4642-AC31-8DE94029B2A2}.Debug|Any CPU.Build.0 = Debug|Any CPU
		{BB822E27-BF82-4642-AC31-8DE94029B2A2}.Release|Any CPU.ActiveCfg = Release|Any CPU
		{BB822E27-BF82-4642-AC31-8DE94029B2A2}.Release|Any CPU.Build.0 = Release|Any CPU
		{B0ABD810-4751-479D-8431-AA10A3AC004A}.Debug|Any CPU.ActiveCfg = Debug|Any CPU
		{B0ABD810-4751-479D-8431-AA10A3AC004A}.Debug|Any CPU.Build.0 = Debug|Any CPU
		{B0ABD810-4751-479D-8431-AA10A3AC004A}.Release|Any CPU.ActiveCfg = Release|Any CPU
		{B0ABD810-4751-479D-8431-AA10A3AC004A}.Release|Any CPU.Build.0 = Release|Any CPU
	EndGlobalSection
EndGlobal
